{
  "name": "pagopa-cruscotto-backend",
  "version": "0.0.0",
  "lockfileVersion": 3,
  "requires": true,
  "packages": {
    "": {
      "name": "pagopa-cruscotto-backend",
      "version": "0.0.0",
      "license": "UNLICENSED",
      "devDependencies": {
        "husky": "9.1.7",
        "lint-staged": "15.4.3",
        "prettier": "3.4.2",
        "prettier-plugin-java": "2.6.7",
        "prettier-plugin-packagejson": "2.5.8"
      },
      "engines": {
        "node": ">=22.13.1"
      }
    },
    "node_modules/@chevrotain/cst-dts-gen": {
      "version": "11.0.3",
      "resolved": "https://toolbox.sia.eu:443/artifactory/api/npm/npm-repo/@chevrotain/cst-dts-gen/-/cst-dts-gen-11.0.3.tgz",
      "integrity": "sha1-XghjzFfcReIEzP7mMDIl0V2dR4M=",
      "dev": true,
      "license": "Apache-2.0",
      "dependencies": {
        "@chevrotain/gast": "11.0.3",
        "@chevrotain/types": "11.0.3",
        "lodash-es": "4.17.21"
      }
    },
    "node_modules/@chevrotain/gast": {
      "version": "11.0.3",
      "resolved": "https://toolbox.sia.eu:443/artifactory/api/npm/npm-repo/@chevrotain/gast/-/gast-11.0.3.tgz",
      "integrity": "sha1-6E2IgDI/6Mvnku9pzj/9Q6k26Bg=",
      "dev": true,
      "license": "Apache-2.0",
      "dependencies": {
        "@chevrotain/types": "11.0.3",
        "lodash-es": "4.17.21"
      }
    },
    "node_modules/@chevrotain/regexp-to-ast": {
      "version": "11.0.3",
      "resolved": "https://toolbox.sia.eu:443/artifactory/api/npm/npm-repo/@chevrotain/regexp-to-ast/-/regexp-to-ast-11.0.3.tgz",
      "integrity": "sha1-EUKagcdKjmqCknHOAvxmFm1W3Ns=",
      "dev": true,
      "license": "Apache-2.0"
    },
    "node_modules/@chevrotain/types": {
      "version": "11.0.3",
      "resolved": "https://toolbox.sia.eu:443/artifactory/api/npm/npm-repo/@chevrotain/types/-/types-11.0.3.tgz",
      "integrity": "sha1-+KA5FPe5N/WU9W64kxKzuPHJGEg=",
      "dev": true,
      "license": "Apache-2.0"
    },
    "node_modules/@chevrotain/utils": {
      "version": "11.0.3",
      "resolved": "https://toolbox.sia.eu:443/artifactory/api/npm/npm-repo/@chevrotain/utils/-/utils-11.0.3.tgz",
      "integrity": "sha1-45mZMHsQLP82RexPWzZl9Sl6IiQ=",
      "dev": true,
      "license": "Apache-2.0"
    },
    "node_modules/@pkgr/core": {
      "version": "0.1.2",
      "resolved": "https://toolbox.sia.eu:443/artifactory/api/npm/npm-repo/@pkgr/core/-/core-0.1.2.tgz",
      "integrity": "sha1-HPlQgLtwcvr6o8sTtEL6tGlcOJM=",
      "dev": true,
      "license": "MIT",
      "engines": {
        "node": "^12.20.0 || ^14.18.0 || >=16.0.0"
      },
      "funding": {
        "url": "https://opencollective.com/unts"
      }
    },
    "node_modules/ansi-escapes": {
      "version": "7.0.0",
      "resolved": "https://toolbox.sia.eu:443/artifactory/api/npm/npm-repo/ansi-escapes/-/ansi-escapes-7.0.0.tgz",
      "integrity": "sha1-APwZ9JG7sY4dSBuXhoIE+SEJv+c=",
      "dev": true,
      "license": "MIT",
      "dependencies": {
        "environment": "^1.0.0"
      },
      "engines": {
        "node": ">=18"
      },
      "funding": {
        "url": "https://github.com/sponsors/sindresorhus"
      }
    },
    "node_modules/ansi-regex": {
      "version": "6.1.0",
      "resolved": "https://toolbox.sia.eu:443/artifactory/api/npm/npm-repo/ansi-regex/-/ansi-regex-6.1.0.tgz",
      "integrity": "sha1-lexAnGlhnWyxuLNPFLZg7yjr1lQ=",
      "dev": true,
      "license": "MIT",
      "engines": {
        "node": ">=12"
      },
      "funding": {
        "url": "https://github.com/chalk/ansi-regex?sponsor=1"
      }
    },
    "node_modules/ansi-styles": {
      "version": "6.2.1",
      "resolved": "https://toolbox.sia.eu:443/artifactory/api/npm/npm-repo/ansi-styles/-/ansi-styles-6.2.1.tgz",
      "integrity": "sha1-DmIyDPmcIa//OzASGSVGqsv7BcU=",
      "dev": true,
      "license": "MIT",
      "engines": {
        "node": ">=12"
      },
      "funding": {
        "url": "https://github.com/chalk/ansi-styles?sponsor=1"
      }
    },
    "node_modules/braces": {
      "version": "3.0.3",
      "resolved": "https://toolbox.sia.eu:443/artifactory/api/npm/npm-repo/braces/-/braces-3.0.3.tgz",
      "integrity": "sha1-SQMy9AkZRSJy1VqEgK3AxEE1h4k=",
      "dev": true,
      "license": "MIT",
      "dependencies": {
        "fill-range": "^7.1.1"
      },
      "engines": {
        "node": ">=8"
      }
    },
    "node_modules/chalk": {
      "version": "5.4.1",
      "resolved": "https://toolbox.sia.eu:443/artifactory/api/npm/npm-repo/chalk/-/chalk-5.4.1.tgz",
      "integrity": "sha1-G0i/CWPsFY3OKqz2nAk64t0gktg=",
      "dev": true,
      "license": "MIT",
      "engines": {
        "node": "^12.17.0 || ^14.13 || >=16.0.0"
      },
      "funding": {
        "url": "https://github.com/chalk/chalk?sponsor=1"
      }
    },
    "node_modules/chevrotain": {
      "version": "11.0.3",
      "resolved": "https://toolbox.sia.eu:443/artifactory/api/npm/npm-repo/chevrotain/-/chevrotain-11.0.3.tgz",
      "integrity": "sha1-iP/B+0tXOccVgH6u7bvyAOIC/Bs=",
      "dev": true,
      "license": "Apache-2.0",
      "dependencies": {
        "@chevrotain/cst-dts-gen": "11.0.3",
        "@chevrotain/gast": "11.0.3",
        "@chevrotain/regexp-to-ast": "11.0.3",
        "@chevrotain/types": "11.0.3",
        "@chevrotain/utils": "11.0.3",
        "lodash-es": "4.17.21"
      }
    },
    "node_modules/chevrotain-allstar": {
      "version": "0.3.1",
      "resolved": "https://toolbox.sia.eu:443/artifactory/api/npm/npm-repo/chevrotain-allstar/-/chevrotain-allstar-0.3.1.tgz",
      "integrity": "sha1-t0EnVfXYPME5q2WBDNsA2NtA5so=",
      "dev": true,
      "license": "MIT",
      "dependencies": {
        "lodash-es": "^4.17.21"
      },
      "peerDependencies": {
        "chevrotain": "^11.0.0"
      }
    },
    "node_modules/cli-cursor": {
      "version": "5.0.0",
      "resolved": "https://toolbox.sia.eu:443/artifactory/api/npm/npm-repo/cli-cursor/-/cli-cursor-5.0.0.tgz",
      "integrity": "sha1-JKSDHs9aawHd6zL7caSyCIsNzjg=",
      "dev": true,
      "license": "MIT",
      "dependencies": {
        "restore-cursor": "^5.0.0"
      },
      "engines": {
        "node": ">=18"
      },
      "funding": {
        "url": "https://github.com/sponsors/sindresorhus"
      }
    },
    "node_modules/cli-truncate": {
      "version": "4.0.0",
      "resolved": "https://toolbox.sia.eu:443/artifactory/api/npm/npm-repo/cli-truncate/-/cli-truncate-4.0.0.tgz",
      "integrity": "sha1-bMKKKST+6eJc6R6XPbVscGbmFyo=",
      "dev": true,
      "license": "MIT",
      "dependencies": {
        "slice-ansi": "^5.0.0",
        "string-width": "^7.0.0"
      },
      "engines": {
        "node": ">=18"
      },
      "funding": {
        "url": "https://github.com/sponsors/sindresorhus"
      }
    },
    "node_modules/colorette": {
      "version": "2.0.20",
      "resolved": "https://toolbox.sia.eu:443/artifactory/api/npm/npm-repo/colorette/-/colorette-2.0.20.tgz",
      "integrity": "sha1-nreT5oMwZ/cjWQL807CZF6AAqVo=",
      "dev": true,
      "license": "MIT"
    },
    "node_modules/commander": {
      "version": "13.1.0",
      "resolved": "https://toolbox.sia.eu:443/artifactory/api/npm/npm-repo/commander/-/commander-13.1.0.tgz",
      "integrity": "sha1-d2Fn22jHjzjczh+bjXuLmkiKv0Y=",
      "dev": true,
      "license": "MIT",
      "engines": {
        "node": ">=18"
      }
    },
    "node_modules/cross-spawn": {
      "version": "7.0.6",
      "resolved": "https://toolbox.sia.eu:443/artifactory/api/npm/npm-repo/cross-spawn/-/cross-spawn-7.0.6.tgz",
      "integrity": "sha1-ilj+ePANzXDDcEUXWd+/rwPo7p8=",
      "dev": true,
      "license": "MIT",
      "dependencies": {
        "path-key": "^3.1.0",
        "shebang-command": "^2.0.0",
        "which": "^2.0.1"
      },
      "engines": {
        "node": ">= 8"
      }
    },
    "node_modules/debug": {
      "version": "4.4.0",
      "resolved": "https://toolbox.sia.eu:443/artifactory/api/npm/npm-repo/debug/-/debug-4.4.0.tgz",
      "integrity": "sha1-Kz8q6i/+t3ZHdGAmc3fchxD6uoo=",
      "dev": true,
      "license": "MIT",
      "dependencies": {
        "ms": "^2.1.3"
      },
      "engines": {
        "node": ">=6.0"
      },
      "peerDependenciesMeta": {
        "supports-color": {
          "optional": true
        }
      }
    },
    "node_modules/detect-indent": {
      "version": "7.0.1",
      "resolved": "https://toolbox.sia.eu:443/artifactory/api/npm/npm-repo/detect-indent/-/detect-indent-7.0.1.tgz",
      "integrity": "sha1-y7BgoShCucTTM/HKxKpNobtmvCU=",
      "dev": true,
      "license": "MIT",
      "engines": {
        "node": ">=12.20"
      }
    },
    "node_modules/detect-newline": {
      "version": "4.0.1",
      "resolved": "https://toolbox.sia.eu:443/artifactory/api/npm/npm-repo/detect-newline/-/detect-newline-4.0.1.tgz",
      "integrity": "sha1-/O/bVxPh+4yyg5uLbuIuZxarjyM=",
      "dev": true,
      "license": "MIT",
      "engines": {
        "node": "^12.20.0 || ^14.13.1 || >=16.0.0"
      },
      "funding": {
        "url": "https://github.com/sponsors/sindresorhus"
      }
    },
    "node_modules/emoji-regex": {
      "version": "10.4.0",
      "resolved": "https://toolbox.sia.eu:443/artifactory/api/npm/npm-repo/emoji-regex/-/emoji-regex-10.4.0.tgz",
      "integrity": "sha1-A1U6/qgLOXV0nPyzb3dsomjkE9Q=",
      "dev": true,
      "license": "MIT"
    },
    "node_modules/environment": {
      "version": "1.1.0",
      "resolved": "https://toolbox.sia.eu:443/artifactory/api/npm/npm-repo/environment/-/environment-1.1.0.tgz",
      "integrity": "sha1-jobGaxgPNjx6sxF4fgJZZl9FqfE=",
      "dev": true,
      "license": "MIT",
      "engines": {
        "node": ">=18"
      },
      "funding": {
        "url": "https://github.com/sponsors/sindresorhus"
      }
    },
    "node_modules/eventemitter3": {
      "version": "5.0.1",
      "resolved": "https://toolbox.sia.eu:443/artifactory/api/npm/npm-repo/eventemitter3/-/eventemitter3-5.0.1.tgz",
      "integrity": "sha1-U/X/0KSSrIAHIbtCxmuEHelkI8Q=",
      "dev": true,
      "license": "MIT"
    },
    "node_modules/execa": {
      "version": "8.0.1",
      "resolved": "https://toolbox.sia.eu:443/artifactory/api/npm/npm-repo/execa/-/execa-8.0.1.tgz",
      "integrity": "sha1-UfallDtYD5Y8PKnGMheW24zDm4w=",
      "dev": true,
      "license": "MIT",
      "dependencies": {
        "cross-spawn": "^7.0.3",
        "get-stream": "^8.0.1",
        "human-signals": "^5.0.0",
        "is-stream": "^3.0.0",
        "merge-stream": "^2.0.0",
        "npm-run-path": "^5.1.0",
        "onetime": "^6.0.0",
        "signal-exit": "^4.1.0",
        "strip-final-newline": "^3.0.0"
      },
      "engines": {
        "node": ">=16.17"
      },
      "funding": {
        "url": "https://github.com/sindresorhus/execa?sponsor=1"
      }
    },
    "node_modules/fill-range": {
      "version": "7.1.1",
      "resolved": "https://toolbox.sia.eu:443/artifactory/api/npm/npm-repo/fill-range/-/fill-range-7.1.1.tgz",
      "integrity": "sha1-RCZdPKwH4+p9wkdRY4BkN1SgUpI=",
      "dev": true,
      "license": "MIT",
      "dependencies": {
        "to-regex-range": "^5.0.1"
      },
      "engines": {
        "node": ">=8"
      }
    },
    "node_modules/get-east-asian-width": {
      "version": "1.3.0",
      "resolved": "https://toolbox.sia.eu:443/artifactory/api/npm/npm-repo/get-east-asian-width/-/get-east-asian-width-1.3.0.tgz",
      "integrity": "sha1-IbQHHuWO0E7g22UzcbVbQpmHU4k=",
      "dev": true,
      "license": "MIT",
      "engines": {
        "node": ">=18"
      },
      "funding": {
        "url": "https://github.com/sponsors/sindresorhus"
      }
    },
    "node_modules/get-stdin": {
      "version": "9.0.0",
      "resolved": "https://toolbox.sia.eu:443/artifactory/api/npm/npm-repo/get-stdin/-/get-stdin-9.0.0.tgz",
      "integrity": "sha1-OYP/guA9VvGy6g0+YDJfOdcDpXU=",
      "dev": true,
      "license": "MIT",
      "engines": {
        "node": ">=12"
      },
      "funding": {
        "url": "https://github.com/sponsors/sindresorhus"
      }
    },
    "node_modules/get-stream": {
      "version": "8.0.1",
      "resolved": "https://toolbox.sia.eu:443/artifactory/api/npm/npm-repo/get-stream/-/get-stream-8.0.1.tgz",
      "integrity": "sha1-3vnf1xdCzXdUp3Ye1DdJon0C7KI=",
      "dev": true,
      "license": "MIT",
      "engines": {
        "node": ">=16"
      },
      "funding": {
        "url": "https://github.com/sponsors/sindresorhus"
      }
    },
    "node_modules/git-hooks-list": {
      "version": "3.2.0",
      "resolved": "https://toolbox.sia.eu:443/artifactory/api/npm/npm-repo/git-hooks-list/-/git-hooks-list-3.2.0.tgz",
      "integrity": "sha1-/+XViV4p0k+TD5qY3WBLfkB9L18=",
      "dev": true,
      "license": "MIT",
      "funding": {
        "url": "https://github.com/fisker/git-hooks-list?sponsor=1"
      }
    },
    "node_modules/human-signals": {
      "version": "5.0.0",
      "resolved": "https://toolbox.sia.eu:443/artifactory/api/npm/npm-repo/human-signals/-/human-signals-5.0.0.tgz",
      "integrity": "sha1-QmZaKE+a4NreO6QevDfrS4UvOig=",
      "dev": true,
      "license": "Apache-2.0",
      "engines": {
        "node": ">=16.17.0"
      }
    },
    "node_modules/husky": {
      "version": "9.1.7",
      "resolved": "https://toolbox.sia.eu:443/artifactory/api/npm/npm-repo/husky/-/husky-9.1.7.tgz",
      "integrity": "sha1-1Go4A10QG0anBFaoUP9CATRMCy0=",
      "dev": true,
      "license": "MIT",
      "bin": {
        "husky": "bin.js"
      },
      "engines": {
        "node": ">=18"
      },
      "funding": {
        "url": "https://github.com/sponsors/typicode"
      }
    },
    "node_modules/is-fullwidth-code-point": {
      "version": "4.0.0",
      "resolved": "https://toolbox.sia.eu:443/artifactory/api/npm/npm-repo/is-fullwidth-code-point/-/is-fullwidth-code-point-4.0.0.tgz",
      "integrity": "sha1-+uMWfHKedGP4RhzlErCApJJoqog=",
      "dev": true,
      "license": "MIT",
      "engines": {
        "node": ">=12"
      },
      "funding": {
        "url": "https://github.com/sponsors/sindresorhus"
      }
    },
    "node_modules/is-number": {
      "version": "7.0.0",
      "resolved": "https://toolbox.sia.eu:443/artifactory/api/npm/npm-repo/is-number/-/is-number-7.0.0.tgz",
      "integrity": "sha1-dTU0W4lnNNX4DE0GxQlVUnoU8Ss=",
      "dev": true,
      "license": "MIT",
      "engines": {
        "node": ">=0.12.0"
      }
    },
    "node_modules/is-plain-obj": {
      "version": "4.1.0",
      "resolved": "https://toolbox.sia.eu:443/artifactory/api/npm/npm-repo/is-plain-obj/-/is-plain-obj-4.1.0.tgz",
      "integrity": "sha1-1lAl7ew2V84DL9fbY8l4g+rtcfA=",
      "dev": true,
      "license": "MIT",
      "engines": {
        "node": ">=12"
      },
      "funding": {
        "url": "https://github.com/sponsors/sindresorhus"
      }
    },
    "node_modules/is-stream": {
      "version": "3.0.0",
      "resolved": "https://toolbox.sia.eu:443/artifactory/api/npm/npm-repo/is-stream/-/is-stream-3.0.0.tgz",
      "integrity": "sha1-5r/XqmvvafT0cs6btoHj5XtDGaw=",
      "dev": true,
      "license": "MIT",
      "engines": {
        "node": "^12.20.0 || ^14.13.1 || >=16.0.0"
      },
      "funding": {
        "url": "https://github.com/sponsors/sindresorhus"
      }
    },
    "node_modules/isexe": {
      "version": "2.0.0",
      "resolved": "https://toolbox.sia.eu:443/artifactory/api/npm/npm-repo/isexe/-/isexe-2.0.0.tgz",
      "integrity": "sha1-6PvzdNxVb/iUehDcsFctYz8s+hA=",
      "dev": true,
      "license": "ISC"
    },
    "node_modules/java-parser": {
      "version": "2.3.3",
      "resolved": "https://toolbox.sia.eu:443/artifactory/api/npm/npm-repo/java-parser/-/java-parser-2.3.3.tgz",
      "integrity": "sha1-GLMUoTxlL93xlRKuf8rJXhdHTys=",
      "dev": true,
      "license": "Apache-2.0",
      "dependencies": {
        "chevrotain": "11.0.3",
        "chevrotain-allstar": "0.3.1",
        "lodash": "4.17.21"
      }
    },
    "node_modules/lilconfig": {
      "version": "3.1.3",
      "resolved": "https://toolbox.sia.eu:443/artifactory/api/npm/npm-repo/lilconfig/-/lilconfig-3.1.3.tgz",
      "integrity": "sha1-obz9Ylf5WFv1rhTO7rt7VZAl5MQ=",
      "dev": true,
      "license": "MIT",
      "engines": {
        "node": ">=14"
      },
      "funding": {
        "url": "https://github.com/sponsors/antonk52"
      }
    },
    "node_modules/lint-staged": {
      "version": "15.4.3",
      "resolved": "https://toolbox.sia.eu:443/artifactory/api/npm/npm-repo/lint-staged/-/lint-staged-15.4.3.tgz",
      "integrity": "sha1-5zWHzIV/WAyZ+Qer7+msjY1edME=",
      "dev": true,
      "license": "MIT",
      "dependencies": {
        "chalk": "^5.4.1",
        "commander": "^13.1.0",
        "debug": "^4.4.0",
        "execa": "^8.0.1",
        "lilconfig": "^3.1.3",
        "listr2": "^8.2.5",
        "micromatch": "^4.0.8",
        "pidtree": "^0.6.0",
        "string-argv": "^0.3.2",
        "yaml": "^2.7.0"
      },
      "bin": {
        "lint-staged": "bin/lint-staged.js"
      },
      "engines": {
        "node": ">=18.12.0"
      },
      "funding": {
        "url": "https://opencollective.com/lint-staged"
      }
    },
    "node_modules/listr2": {
      "version": "8.3.2",
      "resolved": "https://toolbox.sia.eu:443/artifactory/api/npm/npm-repo/listr2/-/listr2-8.3.2.tgz",
      "integrity": "sha1-wlLsmjM0lQv8qSOEV9CtLBpcyGc=",
      "dev": true,
      "license": "MIT",
      "dependencies": {
        "cli-truncate": "^4.0.0",
        "colorette": "^2.0.20",
        "eventemitter3": "^5.0.1",
        "log-update": "^6.1.0",
        "rfdc": "^1.4.1",
        "wrap-ansi": "^9.0.0"
      },
      "engines": {
        "node": ">=18.0.0"
      }
    },
    "node_modules/lodash": {
      "version": "4.17.21",
      "resolved": "https://toolbox.sia.eu:443/artifactory/api/npm/npm-repo/lodash/-/lodash-4.17.21.tgz",
      "integrity": "sha1-Z5WRxWTDv/quhFTPCz3zcMPWkRw=",
      "dev": true,
      "license": "MIT"
    },
    "node_modules/lodash-es": {
      "version": "4.17.21",
      "resolved": "https://toolbox.sia.eu:443/artifactory/api/npm/npm-repo/lodash-es/-/lodash-es-4.17.21.tgz",
      "integrity": "sha1-Q+YmxG5lkbd1C+srUBFzkMYJ4+4=",
      "dev": true,
      "license": "MIT"
    },
    "node_modules/log-update": {
      "version": "6.1.0",
      "resolved": "https://toolbox.sia.eu:443/artifactory/api/npm/npm-repo/log-update/-/log-update-6.1.0.tgz",
      "integrity": "sha1-GgT/OBZvlGR64a9WL0vWoVsbfNQ=",
      "dev": true,
      "license": "MIT",
      "dependencies": {
        "ansi-escapes": "^7.0.0",
        "cli-cursor": "^5.0.0",
        "slice-ansi": "^7.1.0",
        "strip-ansi": "^7.1.0",
        "wrap-ansi": "^9.0.0"
      },
      "engines": {
        "node": ">=18"
      },
      "funding": {
        "url": "https://github.com/sponsors/sindresorhus"
      }
    },
    "node_modules/log-update/node_modules/is-fullwidth-code-point": {
      "version": "5.0.0",
      "resolved": "https://toolbox.sia.eu:443/artifactory/api/npm/npm-repo/is-fullwidth-code-point/-/is-fullwidth-code-point-5.0.0.tgz",
      "integrity": "sha1-lgnvztfC+X2ntgFF70gceHx7pwQ=",
      "dev": true,
      "license": "MIT",
      "dependencies": {
        "get-east-asian-width": "^1.0.0"
      },
      "engines": {
        "node": ">=18"
      },
      "funding": {
        "url": "https://github.com/sponsors/sindresorhus"
      }
    },
    "node_modules/log-update/node_modules/slice-ansi": {
      "version": "7.1.0",
      "resolved": "https://toolbox.sia.eu:443/artifactory/api/npm/npm-repo/slice-ansi/-/slice-ansi-7.1.0.tgz",
      "integrity": "sha1-zWtGVeKYqNG96wQlCkMwlLNHuak=",
      "dev": true,
      "license": "MIT",
      "dependencies": {
        "ansi-styles": "^6.2.1",
        "is-fullwidth-code-point": "^5.0.0"
      },
      "engines": {
        "node": ">=18"
      },
      "funding": {
        "url": "https://github.com/chalk/slice-ansi?sponsor=1"
      }
    },
    "node_modules/merge-stream": {
      "version": "2.0.0",
      "resolved": "https://toolbox.sia.eu:443/artifactory/api/npm/npm-repo/merge-stream/-/merge-stream-2.0.0.tgz",
      "integrity": "sha1-UoI2KaFN0AyXcPtq1H3GMQ8sH2A=",
      "dev": true,
      "license": "MIT"
    },
    "node_modules/micromatch": {
      "version": "4.0.8",
      "resolved": "https://toolbox.sia.eu:443/artifactory/api/npm/npm-repo/micromatch/-/micromatch-4.0.8.tgz",
      "integrity": "sha1-1m+hjzpHB2eJMgubGvMr2G2fogI=",
      "dev": true,
      "license": "MIT",
      "dependencies": {
        "braces": "^3.0.3",
        "picomatch": "^2.3.1"
      },
      "engines": {
        "node": ">=8.6"
      }
    },
    "node_modules/mimic-fn": {
      "version": "4.0.0",
      "resolved": "https://toolbox.sia.eu:443/artifactory/api/npm/npm-repo/mimic-fn/-/mimic-fn-4.0.0.tgz",
      "integrity": "sha1-YKkFUNXLCyOcymXYk7GlOymHHsw=",
      "dev": true,
      "license": "MIT",
      "engines": {
        "node": ">=12"
      },
      "funding": {
        "url": "https://github.com/sponsors/sindresorhus"
      }
    },
    "node_modules/mimic-function": {
      "version": "5.0.1",
      "resolved": "https://toolbox.sia.eu:443/artifactory/api/npm/npm-repo/mimic-function/-/mimic-function-5.0.1.tgz",
      "integrity": "sha1-rL4rM0n5m53qyn+3Dki4PpTmcHY=",
      "dev": true,
      "license": "MIT",
      "engines": {
        "node": ">=18"
      },
      "funding": {
        "url": "https://github.com/sponsors/sindresorhus"
      }
    },
    "node_modules/ms": {
      "version": "2.1.3",
      "resolved": "https://toolbox.sia.eu:443/artifactory/api/npm/npm-repo/ms/-/ms-2.1.3.tgz",
      "integrity": "sha1-V0yBOM4dK1hh8LRFedut1gxmFbI=",
      "dev": true,
      "license": "MIT"
    },
    "node_modules/npm-run-path": {
      "version": "5.3.0",
      "resolved": "https://toolbox.sia.eu:443/artifactory/api/npm/npm-repo/npm-run-path/-/npm-run-path-5.3.0.tgz",
      "integrity": "sha1-4jNT0Ou5MX8XTpNBfkpNgtAknp8=",
      "dev": true,
      "license": "MIT",
      "dependencies": {
        "path-key": "^4.0.0"
      },
      "engines": {
        "node": "^12.20.0 || ^14.13.1 || >=16.0.0"
      },
      "funding": {
        "url": "https://github.com/sponsors/sindresorhus"
      }
    },
    "node_modules/npm-run-path/node_modules/path-key": {
      "version": "4.0.0",
      "resolved": "https://toolbox.sia.eu:443/artifactory/api/npm/npm-repo/path-key/-/path-key-4.0.0.tgz",
      "integrity": "sha1-KVWI3DruZBVPh3rbnXgLgcVUvxg=",
      "dev": true,
      "license": "MIT",
      "engines": {
        "node": ">=12"
      },
      "funding": {
        "url": "https://github.com/sponsors/sindresorhus"
      }
    },
    "node_modules/onetime": {
      "version": "6.0.0",
      "resolved": "https://toolbox.sia.eu:443/artifactory/api/npm/npm-repo/onetime/-/onetime-6.0.0.tgz",
      "integrity": "sha1-fCTBjtH9LpvKS9JoBqM2E8d9NLQ=",
      "dev": true,
      "license": "MIT",
      "dependencies": {
        "mimic-fn": "^4.0.0"
      },
      "engines": {
        "node": ">=12"
      },
      "funding": {
        "url": "https://github.com/sponsors/sindresorhus"
      }
    },
    "node_modules/path-key": {
      "version": "3.1.1",
      "resolved": "https://toolbox.sia.eu:443/artifactory/api/npm/npm-repo/path-key/-/path-key-3.1.1.tgz",
      "integrity": "sha1-WB9q3mWMu6ZaDTOA3ndTKVBU83U=",
      "dev": true,
      "license": "MIT",
      "engines": {
        "node": ">=8"
      }
    },
    "node_modules/picomatch": {
      "version": "2.3.1",
      "resolved": "https://toolbox.sia.eu:443/artifactory/api/npm/npm-repo/picomatch/-/picomatch-2.3.1.tgz",
      "integrity": "sha1-O6ODNzNkbZ0+SZWUbBNlpn+wekI=",
      "dev": true,
      "license": "MIT",
      "engines": {
        "node": ">=8.6"
      },
      "funding": {
        "url": "https://github.com/sponsors/jonschlinkert"
      }
    },
    "node_modules/pidtree": {
      "version": "0.6.0",
      "resolved": "https://toolbox.sia.eu:443/artifactory/api/npm/npm-repo/pidtree/-/pidtree-0.6.0.tgz",
      "integrity": "sha1-kK17bULVhB5p4KJBnvOPiIOqBXw=",
      "dev": true,
      "license": "MIT",
      "bin": {
        "pidtree": "bin/pidtree.js"
      },
      "engines": {
        "node": ">=0.10"
      }
    },
    "node_modules/prettier": {
      "version": "3.4.2",
      "resolved": "https://toolbox.sia.eu:443/artifactory/api/npm/npm-repo/prettier/-/prettier-3.4.2.tgz",
      "integrity": "sha1-pc4ftSKliL8reMpExub+WqWisT8=",
      "dev": true,
      "license": "MIT",
      "bin": {
        "prettier": "bin/prettier.cjs"
      },
      "engines": {
        "node": ">=14"
      },
      "funding": {
        "url": "https://github.com/prettier/prettier?sponsor=1"
      }
    },
    "node_modules/prettier-plugin-java": {
      "version": "2.6.7",
      "resolved": "https://toolbox.sia.eu:443/artifactory/api/npm/npm-repo/prettier-plugin-java/-/prettier-plugin-java-2.6.7.tgz",
      "integrity": "sha1-hf1ibKcz26o9pBKcMNA/qbhvaOY=",
      "dev": true,
      "license": "Apache-2.0",
      "dependencies": {
        "java-parser": "2.3.3",
        "lodash": "4.17.21"
      },
      "peerDependencies": {
        "prettier": "^3.0.0"
      }
    },
    "node_modules/prettier-plugin-packagejson": {
      "version": "2.5.8",
      "resolved": "https://toolbox.sia.eu:443/artifactory/api/npm/npm-repo/prettier-plugin-packagejson/-/prettier-plugin-packagejson-2.5.8.tgz",
      "integrity": "sha1-GzB/zgRNAjDqjzIQ+KcxxcwbKI0=",
      "dev": true,
      "license": "MIT",
      "dependencies": {
        "sort-package-json": "2.14.0",
        "synckit": "0.9.2"
      },
      "peerDependencies": {
        "prettier": ">= 1.16.0"
      },
      "peerDependenciesMeta": {
        "prettier": {
          "optional": true
        }
      }
    },
    "node_modules/restore-cursor": {
      "version": "5.1.0",
      "resolved": "https://toolbox.sia.eu:443/artifactory/api/npm/npm-repo/restore-cursor/-/restore-cursor-5.1.0.tgz",
      "integrity": "sha1-B2bZVpnvrLFBUJk/VbrwlT6h6+c=",
      "dev": true,
      "license": "MIT",
      "dependencies": {
        "onetime": "^7.0.0",
        "signal-exit": "^4.1.0"
      },
      "engines": {
        "node": ">=18"
      },
      "funding": {
        "url": "https://github.com/sponsors/sindresorhus"
      }
    },
    "node_modules/restore-cursor/node_modules/onetime": {
      "version": "7.0.0",
      "resolved": "https://toolbox.sia.eu:443/artifactory/api/npm/npm-repo/onetime/-/onetime-7.0.0.tgz",
      "integrity": "sha1-nxbJLYye9RIOOs2d2ZV8zuzBq2A=",
      "dev": true,
      "license": "MIT",
      "dependencies": {
        "mimic-function": "^5.0.0"
      },
      "engines": {
        "node": ">=18"
      },
      "funding": {
        "url": "https://github.com/sponsors/sindresorhus"
      }
    },
    "node_modules/rfdc": {
      "version": "1.4.1",
      "resolved": "https://toolbox.sia.eu:443/artifactory/api/npm/npm-repo/rfdc/-/rfdc-1.4.1.tgz",
      "integrity": "sha1-d492xPtzHZNBTo+SX77PZMzn9so=",
      "dev": true,
      "license": "MIT"
    },
    "node_modules/semver": {
      "version": "7.7.1",
      "resolved": "https://toolbox.sia.eu:443/artifactory/api/npm/npm-repo/semver/-/semver-7.7.1.tgz",
      "integrity": "sha1-q9UJjYKxjGyB9gdP8mR/0+ciDJ8=",
      "dev": true,
      "license": "ISC",
      "bin": {
        "semver": "bin/semver.js"
      },
      "engines": {
        "node": ">=10"
      }
    },
    "node_modules/shebang-command": {
      "version": "2.0.0",
      "resolved": "https://toolbox.sia.eu:443/artifactory/api/npm/npm-repo/shebang-command/-/shebang-command-2.0.0.tgz",
      "integrity": "sha1-zNCvT4g1+9wmW4JGGq8MNmY/NOo=",
      "dev": true,
      "license": "MIT",
      "dependencies": {
        "shebang-regex": "^3.0.0"
      },
      "engines": {
        "node": ">=8"
      }
    },
    "node_modules/shebang-regex": {
      "version": "3.0.0",
      "resolved": "https://toolbox.sia.eu:443/artifactory/api/npm/npm-repo/shebang-regex/-/shebang-regex-3.0.0.tgz",
      "integrity": "sha1-rhbxZE2HPsrYQ7AwexQzYtTEIXI=",
      "dev": true,
      "license": "MIT",
      "engines": {
        "node": ">=8"
      }
    },
    "node_modules/signal-exit": {
      "version": "4.1.0",
      "resolved": "https://toolbox.sia.eu:443/artifactory/api/npm/npm-repo/signal-exit/-/signal-exit-4.1.0.tgz",
      "integrity": "sha1-lSGIwcvVRgcOLdIND0HArgUwywQ=",
      "dev": true,
      "license": "ISC",
      "engines": {
        "node": ">=14"
      },
      "funding": {
        "url": "https://github.com/sponsors/isaacs"
      }
    },
    "node_modules/slice-ansi": {
      "version": "5.0.0",
      "resolved": "https://toolbox.sia.eu:443/artifactory/api/npm/npm-repo/slice-ansi/-/slice-ansi-5.0.0.tgz",
      "integrity": "sha1-tzBjxXqpb5zYgWVLFSlNldKFxCo=",
      "dev": true,
      "license": "MIT",
      "dependencies": {
        "ansi-styles": "^6.0.0",
        "is-fullwidth-code-point": "^4.0.0"
      },
      "engines": {
        "node": ">=12"
      },
      "funding": {
        "url": "https://github.com/chalk/slice-ansi?sponsor=1"
      }
    },
    "node_modules/sort-object-keys": {
      "version": "1.1.3",
      "resolved": "https://toolbox.sia.eu:443/artifactory/api/npm/npm-repo/sort-object-keys/-/sort-object-keys-1.1.3.tgz",
      "integrity": "sha1-v/gz/oXKsUezR0LkWGNFPB4ZC0U=",
      "dev": true,
      "license": "MIT"
    },
    "node_modules/sort-package-json": {
      "version": "2.14.0",
      "resolved": "https://toolbox.sia.eu:443/artifactory/api/npm/npm-repo/sort-package-json/-/sort-package-json-2.14.0.tgz",
      "integrity": "sha1-ugx0INxu3qSw636fUC/aY/V1htg=",
      "dev": true,
      "license": "MIT",
      "dependencies": {
        "detect-indent": "^7.0.1",
        "detect-newline": "^4.0.0",
        "get-stdin": "^9.0.0",
        "git-hooks-list": "^3.0.0",
        "is-plain-obj": "^4.1.0",
        "semver": "^7.6.0",
        "sort-object-keys": "^1.1.3",
        "tinyglobby": "^0.2.9"
      },
      "bin": {
        "sort-package-json": "cli.js"
      }
    },
    "node_modules/string-argv": {
      "version": "0.3.2",
      "resolved": "https://toolbox.sia.eu:443/artifactory/api/npm/npm-repo/string-argv/-/string-argv-0.3.2.tgz",
      "integrity": "sha1-K20O8ktlYnTZV9VOCku/YVPcArY=",
      "dev": true,
      "license": "MIT",
      "engines": {
        "node": ">=0.6.19"
      }
    },
    "node_modules/string-width": {
      "version": "7.2.0",
      "resolved": "https://toolbox.sia.eu:443/artifactory/api/npm/npm-repo/string-width/-/string-width-7.2.0.tgz",
      "integrity": "sha1-tbuOIWXOJ11NQ0dt0nAK2Qkdttw=",
      "dev": true,
      "license": "MIT",
      "dependencies": {
        "emoji-regex": "^10.3.0",
        "get-east-asian-width": "^1.0.0",
        "strip-ansi": "^7.1.0"
      },
      "engines": {
        "node": ">=18"
      },
      "funding": {
        "url": "https://github.com/sponsors/sindresorhus"
      }
    },
    "node_modules/strip-ansi": {
      "version": "7.1.0",
      "resolved": "https://toolbox.sia.eu:443/artifactory/api/npm/npm-repo/strip-ansi/-/strip-ansi-7.1.0.tgz",
      "integrity": "sha1-1bZWjKaJ2FYTcLBwdoXSJDT6/0U=",
      "dev": true,
      "license": "MIT",
      "dependencies": {
        "ansi-regex": "^6.0.1"
      },
      "engines": {
        "node": ">=12"
      },
      "funding": {
        "url": "https://github.com/chalk/strip-ansi?sponsor=1"
      }
    },
    "node_modules/strip-final-newline": {
      "version": "3.0.0",
      "resolved": "https://toolbox.sia.eu:443/artifactory/api/npm/npm-repo/strip-final-newline/-/strip-final-newline-3.0.0.tgz",
      "integrity": "sha1-UolMMT+/8xiDUoCu1g/3Hr8SuP0=",
      "dev": true,
      "license": "MIT",
      "engines": {
        "node": ">=12"
      },
      "funding": {
        "url": "https://github.com/sponsors/sindresorhus"
      }
    },
    "node_modules/synckit": {
      "version": "0.9.2",
      "resolved": "https://toolbox.sia.eu:443/artifactory/api/npm/npm-repo/synckit/-/synckit-0.9.2.tgz",
      "integrity": "sha1-o6k17KeSLUi559bGGCLubDrk7GI=",
      "dev": true,
      "license": "MIT",
      "dependencies": {
        "@pkgr/core": "^0.1.0",
        "tslib": "^2.6.2"
      },
      "engines": {
        "node": "^14.18.0 || >=16.0.0"
      },
      "funding": {
        "url": "https://opencollective.com/unts"
      }
    },
    "node_modules/tinyglobby": {
      "version": "0.2.12",
      "resolved": "https://toolbox.sia.eu:443/artifactory/api/npm/npm-repo/tinyglobby/-/tinyglobby-0.2.12.tgz",
      "integrity": "sha1-rJQaQuDFdzvQtdCPMt6C50oaYbU=",
      "dev": true,
      "license": "MIT",
      "dependencies": {
        "fdir": "^6.4.3",
        "picomatch": "^4.0.2"
      },
      "engines": {
        "node": ">=12.0.0"
      },
      "funding": {
        "url": "https://github.com/sponsors/SuperchupuDev"
      }
    },
    "node_modules/tinyglobby/node_modules/fdir": {
      "version": "6.4.3",
      "resolved": "https://toolbox.sia.eu:443/artifactory/api/npm/npm-repo/fdir/-/fdir-6.4.3.tgz",
      "integrity": "sha1-ARzaz4N+ypuBHInbuQLfcUJz23I=",
      "dev": true,
      "license": "MIT",
      "peerDependencies": {
        "picomatch": "^3 || ^4"
      },
      "peerDependenciesMeta": {
        "picomatch": {
          "optional": true
        }
      }
    },
    "node_modules/tinyglobby/node_modules/picomatch": {
      "version": "4.0.2",
      "resolved": "https://toolbox.sia.eu:443/artifactory/api/npm/npm-repo/picomatch/-/picomatch-4.0.2.tgz",
      "integrity": "sha1-d8dCkx6PO4gglGx2zQwfE3MNHas=",
      "dev": true,
      "license": "MIT",
      "engines": {
        "node": ">=12"
      },
      "funding": {
        "url": "https://github.com/sponsors/jonschlinkert"
      }
    },
    "node_modules/to-regex-range": {
      "version": "5.0.1",
      "resolved": "https://toolbox.sia.eu:443/artifactory/api/npm/npm-repo/to-regex-range/-/to-regex-range-5.0.1.tgz",
      "integrity": "sha1-FkjESq58jZiKMmAY7XL1tN0DkuQ=",
      "dev": true,
      "license": "MIT",
      "dependencies": {
        "is-number": "^7.0.0"
      },
      "engines": {
        "node": ">=8.0"
      }
    },
    "node_modules/tslib": {
      "version": "2.8.1",
      "resolved": "https://toolbox.sia.eu:443/artifactory/api/npm/npm-repo/tslib/-/tslib-2.8.1.tgz",
      "integrity": "sha1-YS7+TtI11Wfoq6Xypfq3AoCt6D8=",
      "dev": true,
      "license": "0BSD"
    },
    "node_modules/which": {
      "version": "2.0.2",
      "resolved": "https://toolbox.sia.eu:443/artifactory/api/npm/npm-repo/which/-/which-2.0.2.tgz",
      "integrity": "sha1-fGqN0KY2oDJ+ELWckobu6T8/UbE=",
      "dev": true,
      "license": "ISC",
      "dependencies": {
        "isexe": "^2.0.0"
      },
      "bin": {
        "node-which": "bin/node-which"
      },
      "engines": {
        "node": ">= 8"
      }
    },
    "node_modules/wrap-ansi": {
      "version": "9.0.0",
      "resolved": "https://toolbox.sia.eu:443/artifactory/api/npm/npm-repo/wrap-ansi/-/wrap-ansi-9.0.0.tgz",
      "integrity": "sha1-Gj3Itw2F7rg5jd+x5KAs0Ybliz4=",
      "dev": true,
      "license": "MIT",
      "dependencies": {
        "ansi-styles": "^6.2.1",
        "string-width": "^7.0.0",
        "strip-ansi": "^7.1.0"
      },
      "engines": {
        "node": ">=18"
      },
      "funding": {
        "url": "https://github.com/chalk/wrap-ansi?sponsor=1"
      }
    },
    "node_modules/yaml": {
      "version": "2.7.1",
      "resolved": "https://toolbox.sia.eu:443/artifactory/api/npm/npm-repo/yaml/-/yaml-2.7.1.tgz",
      "integrity": "sha1-RKJH0biFI4VWeax/p82m7X4TXPY=",
      "dev": true,
      "license": "ISC",
      "bin": {
        "yaml": "bin.mjs"
      },
      "engines": {
        "node": ">= 14"
      }
    }
  }
}
